Microsoft Visual Studio Solution File, Format Version 12.00
# Visual Studio Version 16
VisualStudioVersion = 16.0.28803.202
MinimumVisualStudioVersion = 10.0.40219.1
Project("{FAE04EC0-301F-11D3-BF4B-00C04F79EFBC}") = "FormsDemo.Android", "FormsDemo.Android\FormsDemo.Android.csproj", "{8B15EF76-CB13-4631-9E76-DEC576A08694}"
EndProject
Project("{FAE04EC0-301F-11D3-BF4B-00C04F79EFBC}") = "FormsDemo.iOS", "FormsDemo.iOS\FormsDemo.iOS.csproj", "{0AE6B609-C4F5-4CFA-BF66-CBA4F0536118}"
EndProject
Project("{9A19103F-16F7-4668-BE54-9A1E7A4F7556}") = "FormsDemo", "FormsDemo\FormsDemo.csproj", "{9CA0D4D4-CFFA-453B-AD23-67508BD89CA7}"
EndProject
Global
	GlobalSection(SolutionConfigurationPlatforms) = preSolution
		Ad-Hoc|Any CPU = Ad-Hoc|Any CPU
		Ad-Hoc|iPhone = Ad-Hoc|iPhone
		Ad-Hoc|iPhoneSimulator = Ad-Hoc|iPhoneSimulator
		AppStore|Any CPU = AppStore|Any CPU
		AppStore|iPhone = AppStore|iPhone
		AppStore|iPhoneSimulator = AppStore|iPhoneSimulator
		Debug|Any CPU = Debug|Any CPU
		Debug|iPhone = Debug|iPhone
		Debug|iPhoneSimulator = Debug|iPhoneSimulator
		Release|Any CPU = Release|Any CPU
		Release|iPhone = Release|iPhone
		Release|iPhoneSimulator = Release|iPhoneSimulator
	EndGlobalSection
	GlobalSection(ProjectConfigurationPlatforms) = postSolution
		{8B15EF76-CB13-4631-9E76-DEC576A08694}.Ad-Hoc|Any CPU.ActiveCfg = Release|Any CPU
		{8B15EF76-CB13-4631-9E76-DEC576A08694}.Ad-Hoc|Any CPU.Build.0 = Release|Any CPU
		{8B15EF76-CB13-4631-9E76-DEC576A08694}.Ad-Hoc|Any CPU.Deploy.0 = Release|Any CPU
		{8B15EF76-CB13-4631-9E76-DEC576A08694}.Ad-Hoc|iPhone.ActiveCfg = Debug|Any CPU
		{8B15EF76-CB13-4631-9E76-DEC576A08694}.Ad-Hoc|iPhone.Build.0 = Debug|Any CPU
		{8B15EF76-CB13-4631-9E76-DEC576A08694}.Ad-Hoc|iPhoneSimulator.ActiveCfg = Release|Any CPU
		{8B15EF76-CB13-4631-9E76-DEC576A08694}.Ad-Hoc|iPhoneSimulator.Build.0 = Release|Any CPU
		{8B15EF76-CB13-4631-9E76-DEC576A08694}.Ad-Hoc|iPhoneSimulator.Deploy.0 = Release|Any CPU
		{8B15EF76-CB13-4631-9E76-DEC576A08694}.AppStore|Any CPU.ActiveCfg = Release|Any CPU
		{8B15EF76-CB13-4631-9E76-DEC576A08694}.AppStore|Any CPU.Build.0 = Release|Any CPU
		{8B15EF76-CB13-4631-9E76-DEC576A08694}.AppStore|Any CPU.Deploy.0 = Release|Any CPU
		{8B15EF76-CB13-4631-9E76-DEC576A08694}.AppStore|iPhone.ActiveCfg = Debug|Any CPU
		{8B15EF76-CB13-4631-9E76-DEC576A08694}.AppStore|iPhone.Build.0 = Debug|Any CPU
		{8B15EF76-CB13-4631-9E76-DEC576A08694}.AppStore|iPhoneSimulator.ActiveCfg = Release|Any CPU
		{8B15EF76-CB13-4631-9E76-DEC576A08694}.AppStore|iPhoneSimulator.Build.0 = Release|Any CPU
		{8B15EF76-CB13-4631-9E76-DEC576A08694}.AppStore|iPhoneSimulator.Deploy.0 = Release|Any CPU
		{8B15EF76-CB13-4631-9E76-DEC576A08694}.Debug|Any CPU.ActiveCfg = Debug|Any CPU
		{8B15EF76-CB13-4631-9E76-DEC576A08694}.Debug|Any CPU.Build.0 = Debug|Any CPU
		{8B15EF76-CB13-4631-9E76-DEC576A08694}.Debug|Any CPU.Deploy.0 = Debug|Any CPU
		{8B15EF76-CB13-4631-9E76-DEC576A08694}.Debug|iPhone.ActiveCfg = Debug|Any CPU
		{8B15EF76-CB13-4631-9E76-DEC576A08694}.Debug|iPhone.Build.0 = Debug|Any CPU
		{8B15EF76-CB13-4631-9E76-DEC576A08694}.Debug|iPhoneSimulator.ActiveCfg = Debug|Any CPU
		{8B15EF76-CB13-4631-9E76-DEC576A08694}.Debug|iPhoneSimulator.Build.0 = Debug|Any CPU
		{8B15EF76-CB13-4631-9E76-DEC576A08694}.Release|Any CPU.ActiveCfg = Release|Any CPU
		{8B15EF76-CB13-4631-9E76-DEC576A08694}.Release|Any CPU.Build.0 = Release|Any CPU
		{8B15EF76-CB13-4631-9E76-DEC576A08694}.Release|iPhone.ActiveCfg = Release|Any CPU
		{8B15EF76-CB13-4631-9E76-DEC576A08694}.Release|iPhone.Build.0 = Release|Any CPU
		{8B15EF76-CB13-4631-9E76-DEC576A08694}.Release|iPhoneSimulator.ActiveCfg = Release|Any CPU
		{8B15EF76-CB13-4631-9E76-DEC576A08694}.Release|iPhoneSimulator.Build.0 = Release|Any CPU
		{0AE6B609-C4F5-4CFA-BF66-CBA4F0536118}.Ad-Hoc|Any CPU.ActiveCfg = Ad-Hoc|iPhoneSimulator
		{0AE6B609-C4F5-4CFA-BF66-CBA4F0536118}.Ad-Hoc|iPhone.ActiveCfg = Ad-Hoc|iPhone
		{0AE6B609-C4F5-4CFA-BF66-CBA4F0536118}.Ad-Hoc|iPhone.Build.0 = Ad-Hoc|iPhone
		{0AE6B609-C4F5-4CFA-BF66-CBA4F0536118}.Ad-Hoc|iPhoneSimulator.ActiveCfg = Ad-Hoc|iPhoneSimulator
		{0AE6B609-C4F5-4CFA-BF66-CBA4F0536118}.Ad-Hoc|iPhoneSimulator.Build.0 = Ad-Hoc|iPhoneSimulator
		{0AE6B609-C4F5-4CFA-BF66-CBA4F0536118}.AppStore|Any CPU.ActiveCfg = AppStore|iPhoneSimulator
		{0AE6B609-C4F5-4CFA-BF66-CBA4F0536118}.AppStore|iPhone.ActiveCfg = AppStore|iPhone
		{0AE6B609-C4F5-4CFA-BF66-CBA4F0536118}.AppStore|iPhone.Build.0 = AppStore|iPhone
		{0AE6B609-C4F5-4CFA-BF66-CBA4F0536118}.AppStore|iPhoneSimulator.ActiveCfg = AppStore|iPhoneSimulator
		{0AE6B609-C4F5-4CFA-BF66-CBA4F0536118}.AppStore|iPhoneSimulator.Build.0 = AppStore|iPhoneSimulator
		{0AE6B609-C4F5-4CFA-BF66-CBA4F0536118}.Debug|Any CPU.ActiveCfg = Debug|iPhoneSimulator
		{0AE6B609-C4F5-4CFA-BF66-CBA4F0536118}.Debug|Any CPU.Build.0 = Debug|iPhoneSimulator
		{0AE6B609-C4F5-4CFA-BF66-CBA4F0536118}.Debug|iPhone.ActiveCfg = Debug|iPhone
		{0AE6B609-C4F5-4CFA-BF66-CBA4F0536118}.Debug|iPhone.Build.0 = Debug|iPhone
		{0AE6B609-C4F5-4CFA-BF66-CBA4F0536118}.Debug|iPhoneSimulator.ActiveCfg = Debug|iPhoneSimulator
		{0AE6B609-C4F5-4CFA-BF66-CBA4F0536118}.Debug|iPhoneSimulator.Build.0 = Debug|iPhoneSimulator
		{0AE6B609-C4F5-4CFA-BF66-CBA4F0536118}.Release|Any CPU.ActiveCfg = Release|iPhoneSimulator
		{0AE6B609-C4F5-4CFA-BF66-CBA4F0536118}.Release|Any CPU.Build.0 = Release|iPhoneSimulator
		{0AE6B609-C4F5-4CFA-BF66-CBA4F0536118}.Release|iPhone.ActiveCfg = Release|iPhone
		{0AE6B609-C4F5-4CFA-BF66-CBA4F0536118}.Release|iPhone.Build.0 = Release|iPhone
		{0AE6B609-C4F5-4CFA-BF66-CBA4F0536118}.Release|iPhoneSimulator.ActiveCfg = Release|iPhoneSimulator
		{0AE6B609-C4F5-4CFA-BF66-CBA4F0536118}.Release|iPhoneSimulator.Build.0 = Release|iPhoneSimulator
		{9CA0D4D4-CFFA-453B-AD23-67508BD89CA7}.Ad-Hoc|Any CPU.ActiveCfg = Release|Any CPU
		{9CA0D4D4-CFFA-453B-AD23-67508BD89CA7}.Ad-Hoc|Any CPU.Build.0 = Release|Any CPU
		{9CA0D4D4-CFFA-453B-AD23-67508BD89CA7}.Ad-Hoc|iPhone.ActiveCfg = Debug|Any CPU
		{9CA0D4D4-CFFA-453B-AD23-67508BD89CA7}.Ad-Hoc|iPhone.Build.0 = Debug|Any CPU
		{9CA0D4D4-CFFA-453B-AD23-67508BD89CA7}.Ad-Hoc|iPhoneSimulator.ActiveCfg = Release|Any CPU
		{9CA0D4D4-CFFA-453B-AD23-67508BD89CA7}.Ad-Hoc|iPhoneSimulator.Build.0 = Release|Any CPU
		{9CA0D4D4-CFFA-453B-AD23-67508BD89CA7}.AppStore|Any CPU.ActiveCfg = Release|Any CPU
		{9CA0D4D4-CFFA-453B-AD23-67508BD89CA7}.AppStore|Any CPU.Build.0 = Release|Any CPU
		{9CA0D4D4-CFFA-453B-AD23-67508BD89CA7}.AppStore|iPhone.ActiveCfg = Debug|Any CPU
		{9CA0D4D4-CFFA-453B-AD23-67508BD89CA7}.AppStore|iPhone.Build.0 = Debug|Any CPU
		{9CA0D4D4-CFFA-453B-AD23-67508BD89CA7}.AppStore|iPhoneSimulator.ActiveCfg = Release|Any CPU
		{9CA0D4D4-CFFA-453B-AD23-67508BD89CA7}.AppStore|iPhoneSimulator.Build.0 = Release|Any CPU
		{9CA0D4D4-CFFA-453B-AD23-67508BD89CA7}.Debug|Any CPU.ActiveCfg = Debug|Any CPU
		{9CA0D4D4-CFFA-453B-AD23-67508BD89CA7}.Debug|Any CPU.Build.0 = Debug|Any CPU
		{9CA0D4D4-CFFA-453B-AD23-67508BD89CA7}.Debug|iPhone.ActiveCfg = Debug|Any CPU
		{9CA0D4D4-CFFA-453B-AD23-67508BD89CA7}.Debug|iPhone.Build.0 = Debug|Any CPU
		{9CA0D4D4-CFFA-453B-AD23-67508BD89CA7}.Debug|iPhoneSimulator.ActiveCfg = Debug|Any CPU
		{9CA0D4D4-CFFA-453B-AD23-67508BD89CA7}.Debug|iPhoneSimulator.Build.0 = Debug|Any CPU
		{9CA0D4D4-CFFA-453B-AD23-67508BD89CA7}.Release|Any CPU.ActiveCfg = Release|Any CPU
		{9CA0D4D4-CFFA-453B-AD23-67508BD89CA7}.Release|Any CPU.Build.0 = Release|Any CPU
		{9CA0D4D4-CFFA-453B-AD23-67508BD89CA7}.Release|iPhone.ActiveCfg = Release|Any CPU
		{9CA0D4D4-CFFA-453B-AD23-67508BD89CA7}.Release|iPhone.Build.0 = Release|Any CPU
		{9CA0D4D4-CFFA-453B-AD23-67508BD89CA7}.Release|iPhoneSimulator.ActiveCfg = Release|Any CPU
		{9CA0D4D4-CFFA-453B-AD23-67508BD89CA7}.Release|iPhoneSimulator.Build.0 = Release|Any CPU
	EndGlobalSection
	GlobalSection(SolutionProperties) = preSolution
		HideSolutionNode = FALSE
	EndGlobalSection
	GlobalSection(ExtensibilityGlobals) = postSolution
		SolutionGuid = {7409062B-D552-42FD-AD7A-C53C3AE97C23}
	EndGlobalSection
EndGlobal
